
Microsoft Visual Studio Solution File, Format Version 12.00
# Visual Studio 15
VisualStudioVersion = 15.0.28307.1231
MinimumVisualStudioVersion = 10.0.40219.1
Project("{9A19103F-16F7-4668-BE54-9A1E7A4F7556}") = "OnlineShop", "OnlineShop\OnlineShop.csproj", "{ADF8470D-D299-4810-8D48-F77403E2EF40}"
EndProject
Global
	GlobalSection(SolutionConfigurationPlatforms) = preSolution
		Debug|Any CPU = Debug|Any CPU
		Release|Any CPU = Release|Any CPU
	EndGlobalSection
	GlobalSection(ProjectConfigurationPlatforms) = postSolution
		{ADF8470D-D299-4810-8D48-F77403E2EF40}.Debug|Any CPU.ActiveCfg = Debug|Any CPU
		{ADF8470D-D299-4810-8D48-F77403E2EF40}.Debug|Any CPU.Build.0 = Debug|Any CPU
		{ADF8470D-D299-4810-8D48-F77403E2EF40}.Release|Any CPU.ActiveCfg = Release|Any CPU
		{ADF8470D-D299-4810-8D48-F77403E2EF40}.Release|Any CPU.Build.0 = Release|Any CPU
	EndGlobalSection
	GlobalSection(SolutionProperties) = preSolution
		HideSolutionNode = FALSE
	EndGlobalSection
	GlobalSection(ExtensibilityGlobals) = postSolution
		SolutionGuid = {AD248C63-6780-4F9B-AD7E-BFE0F0D1A0D1}
	EndGlobalSection
EndGlobal
